
Microsoft Visual Studio Solution File, Format Version 12.00
# Visual Studio Version 17
VisualStudioVersion = 17.2.32630.192
MinimumVisualStudioVersion = 10.0.40219.1
Project("{FAE04EC0-301F-11D3-BF4B-00C04F79EFBC}") = "CafeOtomasyon", "CafeOtomasyon\CafeOtomasyon.csproj", "{B7533A6D-008D-4F71-B77F-47D7B9A41596}"
EndProject
Global
	GlobalSection(SolutionConfigurationPlatforms) = preSolution
		Debug|Any CPU = Debug|Any CPU
		Release|Any CPU = Release|Any CPU
	EndGlobalSection
	GlobalSection(ProjectConfigurationPlatforms) = postSolution
		{B7533A6D-008D-4F71-B77F-47D7B9A41596}.Debug|Any CPU.ActiveCfg = Debug|Any CPU
		{B7533A6D-008D-4F71-B77F-47D7B9A41596}.Debug|Any CPU.Build.0 = Debug|Any CPU
		{B7533A6D-008D-4F71-B77F-47D7B9A41596}.Release|Any CPU.ActiveCfg = Release|Any CPU
		{B7533A6D-008D-4F71-B77F-47D7B9A41596}.Release|Any CPU.Build.0 = Release|Any CPU
	EndGlobalSection
	GlobalSection(SolutionProperties) = preSolution
		HideSolutionNode = FALSE
	EndGlobalSection
	GlobalSection(ExtensibilityGlobals) = postSolution
		SolutionGuid = {4AE9D4EF-81F5-4412-ABD4-B8BD8079457E}
	EndGlobalSection
EndGlobal
